
Microsoft Visual Studio Solution File, Format Version 12.00
# Visual Studio Version 17
VisualStudioVersion = 17.4.33213.308
MinimumVisualStudioVersion = 10.0.40219.1
Project("{2150E333-8FDC-42A3-9474-1A3956D46DE8}") = "Transports", "Transports", "{0006D6BB-1382-4B32-AD32-CA037F5CD4F6}"
EndProject
Project("{9A19103F-16F7-4668-BE54-9A1E7A4F7556}") = "MassTransit", "src\MassTransit\MassTransit.csproj", "{6EFD69FC-CBCC-4F85-AEE0-EFBA73F4D273}"
EndProject
Project("{9A19103F-16F7-4668-BE54-9A1E7A4F7556}") = "MassTransit.RabbitMqTransport", "src\Transports\MassTransit.RabbitMqTransport\MassTransit.RabbitMqTransport.csproj", "{6C7149D7-4D97-45DF-A05D-61EC7374491D}"
EndProject
Project("{2150E333-8FDC-42A3-9474-1A3956D46DE8}") = ".solution", ".solution", "{2C8A15FA-A445-4916-AAC2-3BE53AA247A7}"
	ProjectSection(SolutionItems) = preProject
		.github\workflows\build.yml = .github\workflows\build.yml
		Directory.Build.props = Directory.Build.props
		Directory.Packages.props = Directory.Packages.props
		NuGet.README.md = NuGet.README.md
		README.md = README.md
		signing.props = signing.props
	EndProjectSection
EndProject
Project("{9A19103F-16F7-4668-BE54-9A1E7A4F7556}") = "MassTransit.Abstractions", "src\MassTransit.Abstractions\MassTransit.Abstractions.csproj", "{2CAF0C51-2F64-4EB0-8E27-AE3E0085CA75}"
EndProject
Global
	GlobalSection(SolutionConfigurationPlatforms) = preSolution
		Debug|Any CPU = Debug|Any CPU
		Debug|x86 = Debug|x86
		Release|Any CPU = Release|Any CPU
		Release|x86 = Release|x86
		ReleaseUnsigned|Any CPU = ReleaseUnsigned|Any CPU
		ReleaseUnsigned|x86 = ReleaseUnsigned|x86
	EndGlobalSection
	GlobalSection(ProjectConfigurationPlatforms) = postSolution
		{6EFD69FC-CBCC-4F85-AEE0-EFBA73F4D273}.Debug|Any CPU.ActiveCfg = Debug|Any CPU
		{6EFD69FC-CBCC-4F85-AEE0-EFBA73F4D273}.Debug|Any CPU.Build.0 = Debug|Any CPU
		{6EFD69FC-CBCC-4F85-AEE0-EFBA73F4D273}.Debug|x86.ActiveCfg = Debug|Any CPU
		{6EFD69FC-CBCC-4F85-AEE0-EFBA73F4D273}.Release|Any CPU.ActiveCfg = Release|Any CPU
		{6EFD69FC-CBCC-4F85-AEE0-EFBA73F4D273}.Release|Any CPU.Build.0 = Release|Any CPU
		{6EFD69FC-CBCC-4F85-AEE0-EFBA73F4D273}.Release|x86.ActiveCfg = Release|Any CPU
		{6EFD69FC-CBCC-4F85-AEE0-EFBA73F4D273}.ReleaseUnsigned|Any CPU.ActiveCfg = Release|Any CPU
		{6EFD69FC-CBCC-4F85-AEE0-EFBA73F4D273}.ReleaseUnsigned|Any CPU.Build.0 = Release|Any CPU
		{6EFD69FC-CBCC-4F85-AEE0-EFBA73F4D273}.ReleaseUnsigned|x86.ActiveCfg = Release|Any CPU
		{6C7149D7-4D97-45DF-A05D-61EC7374491D}.Debug|Any CPU.ActiveCfg = Debug|Any CPU
		{6C7149D7-4D97-45DF-A05D-61EC7374491D}.Debug|Any CPU.Build.0 = Debug|Any CPU
		{6C7149D7-4D97-45DF-A05D-61EC7374491D}.Debug|x86.ActiveCfg = Debug|Any CPU
		{6C7149D7-4D97-45DF-A05D-61EC7374491D}.Release|Any CPU.ActiveCfg = Release|Any CPU
		{6C7149D7-4D97-45DF-A05D-61EC7374491D}.Release|Any CPU.Build.0 = Release|Any CPU
		{6C7149D7-4D97-45DF-A05D-61EC7374491D}.Release|x86.ActiveCfg = Release|Any CPU
		{6C7149D7-4D97-45DF-A05D-61EC7374491D}.ReleaseUnsigned|Any CPU.ActiveCfg = Release|Any CPU
		{6C7149D7-4D97-45DF-A05D-61EC7374491D}.ReleaseUnsigned|x86.ActiveCfg = Release|Any CPU
		{2CAF0C51-2F64-4EB0-8E27-AE3E0085CA75}.Debug|Any CPU.ActiveCfg = Debug|Any CPU
		{2CAF0C51-2F64-4EB0-8E27-AE3E0085CA75}.Debug|Any CPU.Build.0 = Debug|Any CPU
		{2CAF0C51-2F64-4EB0-8E27-AE3E0085CA75}.Debug|x86.ActiveCfg = Debug|Any CPU
		{2CAF0C51-2F64-4EB0-8E27-AE3E0085CA75}.Debug|x86.Build.0 = Debug|Any CPU
		{2CAF0C51-2F64-4EB0-8E27-AE3E0085CA75}.Release|Any CPU.ActiveCfg = Release|Any CPU
		{2CAF0C51-2F64-4EB0-8E27-AE3E0085CA75}.Release|Any CPU.Build.0 = Release|Any CPU
		{2CAF0C51-2F64-4EB0-8E27-AE3E0085CA75}.Release|x86.ActiveCfg = Release|Any CPU
		{2CAF0C51-2F64-4EB0-8E27-AE3E0085CA75}.Release|x86.Build.0 = Release|Any CPU
		{2CAF0C51-2F64-4EB0-8E27-AE3E0085CA75}.ReleaseUnsigned|Any CPU.ActiveCfg = Debug|Any CPU
		{2CAF0C51-2F64-4EB0-8E27-AE3E0085CA75}.ReleaseUnsigned|Any CPU.Build.0 = Debug|Any CPU
		{2CAF0C51-2F64-4EB0-8E27-AE3E0085CA75}.ReleaseUnsigned|x86.ActiveCfg = Debug|Any CPU
		{2CAF0C51-2F64-4EB0-8E27-AE3E0085CA75}.ReleaseUnsigned|x86.Build.0 = Debug|Any CPU
	EndGlobalSection
	GlobalSection(SolutionProperties) = preSolution
		HideSolutionNode = FALSE
	EndGlobalSection
	GlobalSection(NestedProjects) = preSolution
		{6C7149D7-4D97-45DF-A05D-61EC7374491D} = {0006D6BB-1382-4B32-AD32-CA037F5CD4F6}
	EndGlobalSection
	GlobalSection(ExtensibilityGlobals) = postSolution
		SolutionGuid = {43D3A7D5-0945-435E-8D03-1E631E5CDBA8}
	EndGlobalSection
EndGlobal
